// !$*UTF8*$!
{
	archiveVersion = 1;
	classes = {
	};
	objectVersion = 46;
	objects = {

/* Begin PBXBuildFile section */
		030514271EF0588F00FD3510 /* libpcl_2d.1.8.0.dylib in Frameworks */ = {isa = PBXBuildFile; fileRef = 0305140E1EF0588F00FD3510 /* libpcl_2d.1.8.0.dylib */; };
		030514281EF0588F00FD3510 /* libpcl_3d_rec_framework.1.8.0.dylib in Frameworks */ = {isa = PBXBuildFile; fileRef = 0305140F1EF0588F00FD3510 /* libpcl_3d_rec_framework.1.8.0.dylib */; };
		030514291EF0588F00FD3510 /* libpcl_apps.1.8.0.dylib in Frameworks */ = {isa = PBXBuildFile; fileRef = 030514101EF0588F00FD3510 /* libpcl_apps.1.8.0.dylib */; };
		0305142A1EF0588F00FD3510 /* libpcl_common.1.8.0.dylib in Frameworks */ = {isa = PBXBuildFile; fileRef = 030514111EF0588F00FD3510 /* libpcl_common.1.8.0.dylib */; };
		0305142B1EF0588F00FD3510 /* libpcl_features.1.8.0.dylib in Frameworks */ = {isa = PBXBuildFile; fileRef = 030514121EF0588F00FD3510 /* libpcl_features.1.8.0.dylib */; };
		0305142C1EF0588F00FD3510 /* libpcl_filters.1.8.0.dylib in Frameworks */ = {isa = PBXBuildFile; fileRef = 030514131EF0588F00FD3510 /* libpcl_filters.1.8.0.dylib */; };
		0305142D1EF0588F00FD3510 /* libpcl_io_ply.1.8.0.dylib in Frameworks */ = {isa = PBXBuildFile; fileRef = 030514141EF0588F00FD3510 /* libpcl_io_ply.1.8.0.dylib */; };
		0305142E1EF0588F00FD3510 /* libpcl_io.1.8.0.dylib in Frameworks */ = {isa = PBXBuildFile; fileRef = 030514151EF0588F00FD3510 /* libpcl_io.1.8.0.dylib */; };
		0305142F1EF0588F00FD3510 /* libpcl_kdtree.1.8.0.dylib in Frameworks */ = {isa = PBXBuildFile; fileRef = 030514161EF0588F00FD3510 /* libpcl_kdtree.1.8.0.dylib */; };
		030514301EF0588F00FD3510 /* libpcl_keypoints.1.8.0.dylib in Frameworks */ = {isa = PBXBuildFile; fileRef = 030514171EF0588F00FD3510 /* libpcl_keypoints.1.8.0.dylib */; };
		030514311EF0588F00FD3510 /* libpcl_ml.1.8.0.dylib in Frameworks */ = {isa = PBXBuildFile; fileRef = 030514181EF0588F00FD3510 /* libpcl_ml.1.8.0.dylib */; };
		030514321EF0588F00FD3510 /* libpcl_octree.1.8.0.dylib in Frameworks */ = {isa = PBXBuildFile; fileRef = 030514191EF0588F00FD3510 /* libpcl_octree.1.8.0.dylib */; };
		030514331EF0588F00FD3510 /* libpcl_outofcore.1.8.0.dylib in Frameworks */ = {isa = PBXBuildFile; fileRef = 0305141A1EF0588F00FD3510 /* libpcl_outofcore.1.8.0.dylib */; };
		030514341EF0588F00FD3510 /* libpcl_people.1.8.0.dylib in Frameworks */ = {isa = PBXBuildFile; fileRef = 0305141B1EF0588F00FD3510 /* libpcl_people.1.8.0.dylib */; };
		030514351EF0588F00FD3510 /* libpcl_recognition.1.8.0.dylib in Frameworks */ = {isa = PBXBuildFile; fileRef = 0305141C1EF0588F00FD3510 /* libpcl_recognition.1.8.0.dylib */; };
		030514361EF0588F00FD3510 /* libpcl_registration.1.8.0.dylib in Frameworks */ = {isa = PBXBuildFile; fileRef = 0305141D1EF0588F00FD3510 /* libpcl_registration.1.8.0.dylib */; };
		030514371EF0588F00FD3510 /* libpcl_sample_consensus.1.8.0.dylib in Frameworks */ = {isa = PBXBuildFile; fileRef = 0305141E1EF0588F00FD3510 /* libpcl_sample_consensus.1.8.0.dylib */; };
		030514381EF0588F00FD3510 /* libpcl_search.1.8.0.dylib in Frameworks */ = {isa = PBXBuildFile; fileRef = 0305141F1EF0588F00FD3510 /* libpcl_search.1.8.0.dylib */; };
		030514391EF0588F00FD3510 /* libpcl_segmentation.1.8.0.dylib in Frameworks */ = {isa = PBXBuildFile; fileRef = 030514201EF0588F00FD3510 /* libpcl_segmentation.1.8.0.dylib */; };
		0305143A1EF0588F00FD3510 /* libpcl_simulation_io.1.8.0.dylib in Frameworks */ = {isa = PBXBuildFile; fileRef = 030514211EF0588F00FD3510 /* libpcl_simulation_io.1.8.0.dylib */; };
		0305143B1EF0588F00FD3510 /* libpcl_simulation.1.8.0.dylib in Frameworks */ = {isa = PBXBuildFile; fileRef = 030514221EF0588F00FD3510 /* libpcl_simulation.1.8.0.dylib */; };
		0305143C1EF0588F00FD3510 /* libpcl_stereo.1.8.0.dylib in Frameworks */ = {isa = PBXBuildFile; fileRef = 030514231EF0588F00FD3510 /* libpcl_stereo.1.8.0.dylib */; };
		0305143D1EF0588F00FD3510 /* libpcl_surface.1.8.0.dylib in Frameworks */ = {isa = PBXBuildFile; fileRef = 030514241EF0588F00FD3510 /* libpcl_surface.1.8.0.dylib */; };
		0305143E1EF0588F00FD3510 /* libpcl_tracking.1.8.0.dylib in Frameworks */ = {isa = PBXBuildFile; fileRef = 030514251EF0588F00FD3510 /* libpcl_tracking.1.8.0.dylib */; };
		0305143F1EF0588F00FD3510 /* libpcl_visualization.1.8.0.dylib in Frameworks */ = {isa = PBXBuildFile; fileRef = 030514261EF0588F00FD3510 /* libpcl_visualization.1.8.0.dylib */; };
		032396771EBBA57200EEBE5C /* BuildCorrespondence.cpp in Sources */ = {isa = PBXBuildFile; fileRef = 032396701EBBA57200EEBE5C /* BuildCorrespondence.cpp */; };
		032396781EBBA57200EEBE5C /* CorresApp.cpp in Sources */ = {isa = PBXBuildFile; fileRef = 032396711EBBA57200EEBE5C /* CorresApp.cpp */; };
		032396AD1EBBBD8D00EEBE5C /* libboost_system-mt.dylib in Frameworks */ = {isa = PBXBuildFile; fileRef = 032396AB1EBBBD8D00EEBE5C /* libboost_system-mt.dylib */; };
		032396AE1EBBBD8D00EEBE5C /* libboost_system.dylib in Frameworks */ = {isa = PBXBuildFile; fileRef = 032396AC1EBBBD8D00EEBE5C /* libboost_system.dylib */; };
		032396B01EBBBF2800EEBE5C /* libglut.3.10.0.dylib in Frameworks */ = {isa = PBXBuildFile; fileRef = 032396AF1EBBBF2800EEBE5C /* libglut.3.10.0.dylib */; };
/* End PBXBuildFile section */

/* Begin PBXCopyFilesBuildPhase section */
		032396641EBBA52F00EEBE5C /* CopyFiles */ = {
			isa = PBXCopyFilesBuildPhase;
			buildActionMask = 2147483647;
			dstPath = /usr/share/man/man1/;
			dstSubfolderSpec = 0;
			files = (
			);
			runOnlyForDeploymentPostprocessing = 1;
		};
/* End PBXCopyFilesBuildPhase section */

/* Begin PBXFileReference section */
		0305140E1EF0588F00FD3510 /* libpcl_2d.1.8.0.dylib */ = {isa = PBXFileReference; lastKnownFileType = "compiled.mach-o.dylib"; name = libpcl_2d.1.8.0.dylib; path = ../../../../../usr/local/Cellar/pcl/1.8.0_7/lib/libpcl_2d.1.8.0.dylib; sourceTree = "<group>"; };
		0305140F1EF0588F00FD3510 /* libpcl_3d_rec_framework.1.8.0.dylib */ = {isa = PBXFileReference; lastKnownFileType = "compiled.mach-o.dylib"; name = libpcl_3d_rec_framework.1.8.0.dylib; path = ../../../../../usr/local/Cellar/pcl/1.8.0_7/lib/libpcl_3d_rec_framework.1.8.0.dylib; sourceTree = "<group>"; };
		030514101EF0588F00FD3510 /* libpcl_apps.1.8.0.dylib */ = {isa = PBXFileReference; lastKnownFileType = "compiled.mach-o.dylib"; name = libpcl_apps.1.8.0.dylib; path = ../../../../../usr/local/Cellar/pcl/1.8.0_7/lib/libpcl_apps.1.8.0.dylib; sourceTree = "<group>"; };
		030514111EF0588F00FD3510 /* libpcl_common.1.8.0.dylib */ = {isa = PBXFileReference; lastKnownFileType = "compiled.mach-o.dylib"; name = libpcl_common.1.8.0.dylib; path = ../../../../../usr/local/Cellar/pcl/1.8.0_7/lib/libpcl_common.1.8.0.dylib; sourceTree = "<group>"; };
		030514121EF0588F00FD3510 /* libpcl_features.1.8.0.dylib */ = {isa = PBXFileReference; lastKnownFileType = "compiled.mach-o.dylib"; name = libpcl_features.1.8.0.dylib; path = ../../../../../usr/local/Cellar/pcl/1.8.0_7/lib/libpcl_features.1.8.0.dylib; sourceTree = "<group>"; };
		030514131EF0588F00FD3510 /* libpcl_filters.1.8.0.dylib */ = {isa = PBXFileReference; lastKnownFileType = "compiled.mach-o.dylib"; name = libpcl_filters.1.8.0.dylib; path = ../../../../../usr/local/Cellar/pcl/1.8.0_7/lib/libpcl_filters.1.8.0.dylib; sourceTree = "<group>"; };
		030514141EF0588F00FD3510 /* libpcl_io_ply.1.8.0.dylib */ = {isa = PBXFileReference; lastKnownFileType = "compiled.mach-o.dylib"; name = libpcl_io_ply.1.8.0.dylib; path = ../../../../../usr/local/Cellar/pcl/1.8.0_7/lib/libpcl_io_ply.1.8.0.dylib; sourceTree = "<group>"; };
		030514151EF0588F00FD3510 /* libpcl_io.1.8.0.dylib */ = {isa = PBXFileReference; lastKnownFileType = "compiled.mach-o.dylib"; name = libpcl_io.1.8.0.dylib; path = ../../../../../usr/local/Cellar/pcl/1.8.0_7/lib/libpcl_io.1.8.0.dylib; sourceTree = "<group>"; };
		030514161EF0588F00FD3510 /* libpcl_kdtree.1.8.0.dylib */ = {isa = PBXFileReference; lastKnownFileType = "compiled.mach-o.dylib"; name = libpcl_kdtree.1.8.0.dylib; path = ../../../../../usr/local/Cellar/pcl/1.8.0_7/lib/libpcl_kdtree.1.8.0.dylib; sourceTree = "<group>"; };
		030514171EF0588F00FD3510 /* libpcl_keypoints.1.8.0.dylib */ = {isa = PBXFileReference; lastKnownFileType = "compiled.mach-o.dylib"; name = libpcl_keypoints.1.8.0.dylib; path = ../../../../../usr/local/Cellar/pcl/1.8.0_7/lib/libpcl_keypoints.1.8.0.dylib; sourceTree = "<group>"; };
		030514181EF0588F00FD3510 /* libpcl_ml.1.8.0.dylib */ = {isa = PBXFileReference; lastKnownFileType = "compiled.mach-o.dylib"; name = libpcl_ml.1.8.0.dylib; path = ../../../../../usr/local/Cellar/pcl/1.8.0_7/lib/libpcl_ml.1.8.0.dylib; sourceTree = "<group>"; };
		030514191EF0588F00FD3510 /* libpcl_octree.1.8.0.dylib */ = {isa = PBXFileReference; lastKnownFileType = "compiled.mach-o.dylib"; name = libpcl_octree.1.8.0.dylib; path = ../../../../../usr/local/Cellar/pcl/1.8.0_7/lib/libpcl_octree.1.8.0.dylib; sourceTree = "<group>"; };
		0305141A1EF0588F00FD3510 /* libpcl_outofcore.1.8.0.dylib */ = {isa = PBXFileReference; lastKnownFileType = "compiled.mach-o.dylib"; name = libpcl_outofcore.1.8.0.dylib; path = ../../../../../usr/local/Cellar/pcl/1.8.0_7/lib/libpcl_outofcore.1.8.0.dylib; sourceTree = "<group>"; };
		0305141B1EF0588F00FD3510 /* libpcl_people.1.8.0.dylib */ = {isa = PBXFileReference; lastKnownFileType = "compiled.mach-o.dylib"; name = libpcl_people.1.8.0.dylib; path = ../../../../../usr/local/Cellar/pcl/1.8.0_7/lib/libpcl_people.1.8.0.dylib; sourceTree = "<group>"; };
		0305141C1EF0588F00FD3510 /* libpcl_recognition.1.8.0.dylib */ = {isa = PBXFileReference; lastKnownFileType = "compiled.mach-o.dylib"; name = libpcl_recognition.1.8.0.dylib; path = ../../../../../usr/local/Cellar/pcl/1.8.0_7/lib/libpcl_recognition.1.8.0.dylib; sourceTree = "<group>"; };
		0305141D1EF0588F00FD3510 /* libpcl_registration.1.8.0.dylib */ = {isa = PBXFileReference; lastKnownFileType = "compiled.mach-o.dylib"; name = libpcl_registration.1.8.0.dylib; path = ../../../../../usr/local/Cellar/pcl/1.8.0_7/lib/libpcl_registration.1.8.0.dylib; sourceTree = "<group>"; };
		0305141E1EF0588F00FD3510 /* libpcl_sample_consensus.1.8.0.dylib */ = {isa = PBXFileReference; lastKnownFileType = "compiled.mach-o.dylib"; name = libpcl_sample_consensus.1.8.0.dylib; path = ../../../../../usr/local/Cellar/pcl/1.8.0_7/lib/libpcl_sample_consensus.1.8.0.dylib; sourceTree = "<group>"; };
		0305141F1EF0588F00FD3510 /* libpcl_search.1.8.0.dylib */ = {isa = PBXFileReference; lastKnownFileType = "compiled.mach-o.dylib"; name = libpcl_search.1.8.0.dylib; path = ../../../../../usr/local/Cellar/pcl/1.8.0_7/lib/libpcl_search.1.8.0.dylib; sourceTree = "<group>"; };
		030514201EF0588F00FD3510 /* libpcl_segmentation.1.8.0.dylib */ = {isa = PBXFileReference; lastKnownFileType = "compiled.mach-o.dylib"; name = libpcl_segmentation.1.8.0.dylib; path = ../../../../../usr/local/Cellar/pcl/1.8.0_7/lib/libpcl_segmentation.1.8.0.dylib; sourceTree = "<group>"; };
		030514211EF0588F00FD3510 /* libpcl_simulation_io.1.8.0.dylib */ = {isa = PBXFileReference; lastKnownFileType = "compiled.mach-o.dylib"; name = libpcl_simulation_io.1.8.0.dylib; path = ../../../../../usr/local/Cellar/pcl/1.8.0_7/lib/libpcl_simulation_io.1.8.0.dylib; sourceTree = "<group>"; };
		030514221EF0588F00FD3510 /* libpcl_simulation.1.8.0.dylib */ = {isa = PBXFileReference; lastKnownFileType = "compiled.mach-o.dylib"; name = libpcl_simulation.1.8.0.dylib; path = ../../../../../usr/local/Cellar/pcl/1.8.0_7/lib/libpcl_simulation.1.8.0.dylib; sourceTree = "<group>"; };
		030514231EF0588F00FD3510 /* libpcl_stereo.1.8.0.dylib */ = {isa = PBXFileReference; lastKnownFileType = "compiled.mach-o.dylib"; name = libpcl_stereo.1.8.0.dylib; path = ../../../../../usr/local/Cellar/pcl/1.8.0_7/lib/libpcl_stereo.1.8.0.dylib; sourceTree = "<group>"; };
		030514241EF0588F00FD3510 /* libpcl_surface.1.8.0.dylib */ = {isa = PBXFileReference; lastKnownFileType = "compiled.mach-o.dylib"; name = libpcl_surface.1.8.0.dylib; path = ../../../../../usr/local/Cellar/pcl/1.8.0_7/lib/libpcl_surface.1.8.0.dylib; sourceTree = "<group>"; };
		030514251EF0588F00FD3510 /* libpcl_tracking.1.8.0.dylib */ = {isa = PBXFileReference; lastKnownFileType = "compiled.mach-o.dylib"; name = libpcl_tracking.1.8.0.dylib; path = ../../../../../usr/local/Cellar/pcl/1.8.0_7/lib/libpcl_tracking.1.8.0.dylib; sourceTree = "<group>"; };
		030514261EF0588F00FD3510 /* libpcl_visualization.1.8.0.dylib */ = {isa = PBXFileReference; lastKnownFileType = "compiled.mach-o.dylib"; name = libpcl_visualization.1.8.0.dylib; path = ../../../../../usr/local/Cellar/pcl/1.8.0_7/lib/libpcl_visualization.1.8.0.dylib; sourceTree = "<group>"; };
		032396661EBBA52F00EEBE5C /* BuildCorrespondence */ = {isa = PBXFileReference; explicitFileType = "compiled.mach-o.executable"; includeInIndex = 0; path = BuildCorrespondence; sourceTree = BUILT_PRODUCTS_DIR; };
		032396701EBBA57200EEBE5C /* BuildCorrespondence.cpp */ = {isa = PBXFileReference; fileEncoding = 4; lastKnownFileType = sourcecode.cpp.cpp; path = BuildCorrespondence.cpp; sourceTree = "<group>"; };
		032396711EBBA57200EEBE5C /* CorresApp.cpp */ = {isa = PBXFileReference; fileEncoding = 4; lastKnownFileType = sourcecode.cpp.cpp; path = CorresApp.cpp; sourceTree = "<group>"; };
		032396721EBBA57200EEBE5C /* CorresApp.h */ = {isa = PBXFileReference; fileEncoding = 4; lastKnownFileType = sourcecode.c.h; path = CorresApp.h; sourceTree = "<group>"; };
		032396731EBBA57200EEBE5C /* Helper.h */ = {isa = PBXFileReference; fileEncoding = 4; lastKnownFileType = sourcecode.c.h; path = Helper.h; sourceTree = "<group>"; };
		0323967B1EBBBD2D00EEBE5C /* libpcl_2d.1.8.0.dylib */ = {isa = PBXFileReference; lastKnownFileType = "compiled.mach-o.dylib"; name = libpcl_2d.1.8.0.dylib; path = ../../../../../usr/local/Cellar/pcl/1.8.0_6/lib/libpcl_2d.1.8.0.dylib; sourceTree = "<group>"; };
		0323967C1EBBBD2D00EEBE5C /* libpcl_apps.1.8.0.dylib */ = {isa = PBXFileReference; lastKnownFileType = "compiled.mach-o.dylib"; name = libpcl_apps.1.8.0.dylib; path = ../../../../../usr/local/Cellar/pcl/1.8.0_6/lib/libpcl_apps.1.8.0.dylib; sourceTree = "<group>"; };
		0323967D1EBBBD2D00EEBE5C /* libpcl_common.1.8.0.dylib */ = {isa = PBXFileReference; lastKnownFileType = "compiled.mach-o.dylib"; name = libpcl_common.1.8.0.dylib; path = ../../../../../usr/local/Cellar/pcl/1.8.0_6/lib/libpcl_common.1.8.0.dylib; sourceTree = "<group>"; };
		0323967E1EBBBD2D00EEBE5C /* libpcl_features.1.8.0.dylib */ = {isa = PBXFileReference; lastKnownFileType = "compiled.mach-o.dylib"; name = libpcl_features.1.8.0.dylib; path = ../../../../../usr/local/Cellar/pcl/1.8.0_6/lib/libpcl_features.1.8.0.dylib; sourceTree = "<group>"; };
		0323967F1EBBBD2D00EEBE5C /* libpcl_filters.1.8.0.dylib */ = {isa = PBXFileReference; lastKnownFileType = "compiled.mach-o.dylib"; name = libpcl_filters.1.8.0.dylib; path = ../../../../../usr/local/Cellar/pcl/1.8.0_6/lib/libpcl_filters.1.8.0.dylib; sourceTree = "<group>"; };
		032396801EBBBD2D00EEBE5C /* libpcl_io_ply.1.8.0.dylib */ = {isa = PBXFileReference; lastKnownFileType = "compiled.mach-o.dylib"; name = libpcl_io_ply.1.8.0.dylib; path = ../../../../../usr/local/Cellar/pcl/1.8.0_6/lib/libpcl_io_ply.1.8.0.dylib; sourceTree = "<group>"; };
		032396811EBBBD2D00EEBE5C /* libpcl_io.1.8.0.dylib */ = {isa = PBXFileReference; lastKnownFileType = "compiled.mach-o.dylib"; name = libpcl_io.1.8.0.dylib; path = ../../../../../usr/local/Cellar/pcl/1.8.0_6/lib/libpcl_io.1.8.0.dylib; sourceTree = "<group>"; };
		032396821EBBBD2D00EEBE5C /* libpcl_kdtree.1.8.0.dylib */ = {isa = PBXFileReference; lastKnownFileType = "compiled.mach-o.dylib"; name = libpcl_kdtree.1.8.0.dylib; path = ../../../../../usr/local/Cellar/pcl/1.8.0_6/lib/libpcl_kdtree.1.8.0.dylib; sourceTree = "<group>"; };
		032396831EBBBD2D00EEBE5C /* libpcl_keypoints.1.8.0.dylib */ = {isa = PBXFileReference; lastKnownFileType = "compiled.mach-o.dylib"; name = libpcl_keypoints.1.8.0.dylib; path = ../../../../../usr/local/Cellar/pcl/1.8.0_6/lib/libpcl_keypoints.1.8.0.dylib; sourceTree = "<group>"; };
		032396841EBBBD2D00EEBE5C /* libpcl_ml.1.8.0.dylib */ = {isa = PBXFileReference; lastKnownFileType = "compiled.mach-o.dylib"; name = libpcl_ml.1.8.0.dylib; path = ../../../../../usr/local/Cellar/pcl/1.8.0_6/lib/libpcl_ml.1.8.0.dylib; sourceTree = "<group>"; };
		032396851EBBBD2D00EEBE5C /* libpcl_octree.1.8.0.dylib */ = {isa = PBXFileReference; lastKnownFileType = "compiled.mach-o.dylib"; name = libpcl_octree.1.8.0.dylib; path = ../../../../../usr/local/Cellar/pcl/1.8.0_6/lib/libpcl_octree.1.8.0.dylib; sourceTree = "<group>"; };
		032396861EBBBD2D00EEBE5C /* libpcl_outofcore.1.8.0.dylib */ = {isa = PBXFileReference; lastKnownFileType = "compiled.mach-o.dylib"; name = libpcl_outofcore.1.8.0.dylib; path = ../../../../../usr/local/Cellar/pcl/1.8.0_6/lib/libpcl_outofcore.1.8.0.dylib; sourceTree = "<group>"; };
		032396871EBBBD2D00EEBE5C /* libpcl_people.1.8.0.dylib */ = {isa = PBXFileReference; lastKnownFileType = "compiled.mach-o.dylib"; name = libpcl_people.1.8.0.dylib; path = ../../../../../usr/local/Cellar/pcl/1.8.0_6/lib/libpcl_people.1.8.0.dylib; sourceTree = "<group>"; };
		032396881EBBBD2D00EEBE5C /* libpcl_recognition.1.8.0.dylib */ = {isa = PBXFileReference; lastKnownFileType = "compiled.mach-o.dylib"; name = libpcl_recognition.1.8.0.dylib; path = ../../../../../usr/local/Cellar/pcl/1.8.0_6/lib/libpcl_recognition.1.8.0.dylib; sourceTree = "<group>"; };
		032396891EBBBD2D00EEBE5C /* libpcl_registration.1.8.0.dylib */ = {isa = PBXFileReference; lastKnownFileType = "compiled.mach-o.dylib"; name = libpcl_registration.1.8.0.dylib; path = ../../../../../usr/local/Cellar/pcl/1.8.0_6/lib/libpcl_registration.1.8.0.dylib; sourceTree = "<group>"; };
		0323968A1EBBBD2D00EEBE5C /* libpcl_sample_consensus.1.8.0.dylib */ = {isa = PBXFileReference; lastKnownFileType = "compiled.mach-o.dylib"; name = libpcl_sample_consensus.1.8.0.dylib; path = ../../../../../usr/local/Cellar/pcl/1.8.0_6/lib/libpcl_sample_consensus.1.8.0.dylib; sourceTree = "<group>"; };
		0323968B1EBBBD2D00EEBE5C /* libpcl_search.1.8.0.dylib */ = {isa = PBXFileReference; lastKnownFileType = "compiled.mach-o.dylib"; name = libpcl_search.1.8.0.dylib; path = ../../../../../usr/local/Cellar/pcl/1.8.0_6/lib/libpcl_search.1.8.0.dylib; sourceTree = "<group>"; };
		0323968C1EBBBD2D00EEBE5C /* libpcl_segmentation.1.8.0.dylib */ = {isa = PBXFileReference; lastKnownFileType = "compiled.mach-o.dylib"; name = libpcl_segmentation.1.8.0.dylib; path = ../../../../../usr/local/Cellar/pcl/1.8.0_6/lib/libpcl_segmentation.1.8.0.dylib; sourceTree = "<group>"; };
		0323968D1EBBBD2D00EEBE5C /* libpcl_simulation_io.1.8.0.dylib */ = {isa = PBXFileReference; lastKnownFileType = "compiled.mach-o.dylib"; name = libpcl_simulation_io.1.8.0.dylib; path = ../../../../../usr/local/Cellar/pcl/1.8.0_6/lib/libpcl_simulation_io.1.8.0.dylib; sourceTree = "<group>"; };
		0323968E1EBBBD2D00EEBE5C /* libpcl_simulation.1.8.0.dylib */ = {isa = PBXFileReference; lastKnownFileType = "compiled.mach-o.dylib"; name = libpcl_simulation.1.8.0.dylib; path = ../../../../../usr/local/Cellar/pcl/1.8.0_6/lib/libpcl_simulation.1.8.0.dylib; sourceTree = "<group>"; };
		0323968F1EBBBD2D00EEBE5C /* libpcl_stereo.1.8.0.dylib */ = {isa = PBXFileReference; lastKnownFileType = "compiled.mach-o.dylib"; name = libpcl_stereo.1.8.0.dylib; path = ../../../../../usr/local/Cellar/pcl/1.8.0_6/lib/libpcl_stereo.1.8.0.dylib; sourceTree = "<group>"; };
		032396901EBBBD2D00EEBE5C /* libpcl_surface.1.8.0.dylib */ = {isa = PBXFileReference; lastKnownFileType = "compiled.mach-o.dylib"; name = libpcl_surface.1.8.0.dylib; path = ../../../../../usr/local/Cellar/pcl/1.8.0_6/lib/libpcl_surface.1.8.0.dylib; sourceTree = "<group>"; };
		032396911EBBBD2D00EEBE5C /* libpcl_tracking.1.8.0.dylib */ = {isa = PBXFileReference; lastKnownFileType = "compiled.mach-o.dylib"; name = libpcl_tracking.1.8.0.dylib; path = ../../../../../usr/local/Cellar/pcl/1.8.0_6/lib/libpcl_tracking.1.8.0.dylib; sourceTree = "<group>"; };
		032396921EBBBD2D00EEBE5C /* libpcl_visualization.1.8.0.dylib */ = {isa = PBXFileReference; lastKnownFileType = "compiled.mach-o.dylib"; name = libpcl_visualization.1.8.0.dylib; path = ../../../../../usr/local/Cellar/pcl/1.8.0_6/lib/libpcl_visualization.1.8.0.dylib; sourceTree = "<group>"; };
		032396AB1EBBBD8D00EEBE5C /* libboost_system-mt.dylib */ = {isa = PBXFileReference; lastKnownFileType = "compiled.mach-o.dylib"; name = "libboost_system-mt.dylib"; path = "../../../../../usr/local/Cellar/boost/1.64.0_1/lib/libboost_system-mt.dylib"; sourceTree = "<group>"; };
		032396AC1EBBBD8D00EEBE5C /* libboost_system.dylib */ = {isa = PBXFileReference; lastKnownFileType = "compiled.mach-o.dylib"; name = libboost_system.dylib; path = ../../../../../usr/local/Cellar/boost/1.64.0_1/lib/libboost_system.dylib; sourceTree = "<group>"; };
		032396AF1EBBBF2800EEBE5C /* libglut.3.10.0.dylib */ = {isa = PBXFileReference; lastKnownFileType = "compiled.mach-o.dylib"; name = libglut.3.10.0.dylib; path = ../../../../../usr/local/Cellar/freeglut/3.0.0/lib/libglut.3.10.0.dylib; sourceTree = "<group>"; };
/* End PBXFileReference section */

/* Begin PBXFrameworksBuildPhase section */
		032396631EBBA52F00EEBE5C /* Frameworks */ = {
			isa = PBXFrameworksBuildPhase;
			buildActionMask = 2147483647;
			files = (
				030514271EF0588F00FD3510 /* libpcl_2d.1.8.0.dylib in Frameworks */,
				030514281EF0588F00FD3510 /* libpcl_3d_rec_framework.1.8.0.dylib in Frameworks */,
				030514291EF0588F00FD3510 /* libpcl_apps.1.8.0.dylib in Frameworks */,
				0305142A1EF0588F00FD3510 /* libpcl_common.1.8.0.dylib in Frameworks */,
				0305142B1EF0588F00FD3510 /* libpcl_features.1.8.0.dylib in Frameworks */,
				0305142C1EF0588F00FD3510 /* libpcl_filters.1.8.0.dylib in Frameworks */,
				0305142D1EF0588F00FD3510 /* libpcl_io_ply.1.8.0.dylib in Frameworks */,
				0305142E1EF0588F00FD3510 /* libpcl_io.1.8.0.dylib in Frameworks */,
				0305142F1EF0588F00FD3510 /* libpcl_kdtree.1.8.0.dylib in Frameworks */,
				030514301EF0588F00FD3510 /* libpcl_keypoints.1.8.0.dylib in Frameworks */,
				030514311EF0588F00FD3510 /* libpcl_ml.1.8.0.dylib in Frameworks */,
				030514321EF0588F00FD3510 /* libpcl_octree.1.8.0.dylib in Frameworks */,
				030514331EF0588F00FD3510 /* libpcl_outofcore.1.8.0.dylib in Frameworks */,
				030514341EF0588F00FD3510 /* libpcl_people.1.8.0.dylib in Frameworks */,
				030514351EF0588F00FD3510 /* libpcl_recognition.1.8.0.dylib in Frameworks */,
				030514361EF0588F00FD3510 /* libpcl_registration.1.8.0.dylib in Frameworks */,
				030514371EF0588F00FD3510 /* libpcl_sample_consensus.1.8.0.dylib in Frameworks */,
				030514381EF0588F00FD3510 /* libpcl_search.1.8.0.dylib in Frameworks */,
				030514391EF0588F00FD3510 /* libpcl_segmentation.1.8.0.dylib in Frameworks */,
				0305143A1EF0588F00FD3510 /* libpcl_simulation_io.1.8.0.dylib in Frameworks */,
				0305143B1EF0588F00FD3510 /* libpcl_simulation.1.8.0.dylib in Frameworks */,
				0305143C1EF0588F00FD3510 /* libpcl_stereo.1.8.0.dylib in Frameworks */,
				0305143D1EF0588F00FD3510 /* libpcl_surface.1.8.0.dylib in Frameworks */,
				0305143E1EF0588F00FD3510 /* libpcl_tracking.1.8.0.dylib in Frameworks */,
				0305143F1EF0588F00FD3510 /* libpcl_visualization.1.8.0.dylib in Frameworks */,
				032396B01EBBBF2800EEBE5C /* libglut.3.10.0.dylib in Frameworks */,
				032396AD1EBBBD8D00EEBE5C /* libboost_system-mt.dylib in Frameworks */,
				032396AE1EBBBD8D00EEBE5C /* libboost_system.dylib in Frameworks */,
			);
			runOnlyForDeploymentPostprocessing = 0;
		};
/* End PBXFrameworksBuildPhase section */

/* Begin PBXGroup section */
		0323965D1EBBA52F00EEBE5C = {
			isa = PBXGroup;
			children = (
				032396681EBBA52F00EEBE5C /* BuildCorrespondence */,
				032396671EBBA52F00EEBE5C /* Products */,
				0323967A1EBBBD2C00EEBE5C /* Frameworks */,
			);
			sourceTree = "<group>";
		};
		032396671EBBA52F00EEBE5C /* Products */ = {
			isa = PBXGroup;
			children = (
				032396661EBBA52F00EEBE5C /* BuildCorrespondence */,
			);
			name = Products;
			sourceTree = "<group>";
		};
		032396681EBBA52F00EEBE5C /* BuildCorrespondence */ = {
			isa = PBXGroup;
			children = (
				032396701EBBA57200EEBE5C /* BuildCorrespondence.cpp */,
				032396711EBBA57200EEBE5C /* CorresApp.cpp */,
				032396721EBBA57200EEBE5C /* CorresApp.h */,
				032396731EBBA57200EEBE5C /* Helper.h */,
			);
			path = BuildCorrespondence;
			sourceTree = "<group>";
		};
		0323967A1EBBBD2C00EEBE5C /* Frameworks */ = {
			isa = PBXGroup;
			children = (
				0305140E1EF0588F00FD3510 /* libpcl_2d.1.8.0.dylib */,
				0305140F1EF0588F00FD3510 /* libpcl_3d_rec_framework.1.8.0.dylib */,
				030514101EF0588F00FD3510 /* libpcl_apps.1.8.0.dylib */,
				030514111EF0588F00FD3510 /* libpcl_common.1.8.0.dylib */,
				030514121EF0588F00FD3510 /* libpcl_features.1.8.0.dylib */,
				030514131EF0588F00FD3510 /* libpcl_filters.1.8.0.dylib */,
				030514141EF0588F00FD3510 /* libpcl_io_ply.1.8.0.dylib */,
				030514151EF0588F00FD3510 /* libpcl_io.1.8.0.dylib */,
				030514161EF0588F00FD3510 /* libpcl_kdtree.1.8.0.dylib */,
				030514171EF0588F00FD3510 /* libpcl_keypoints.1.8.0.dylib */,
				030514181EF0588F00FD3510 /* libpcl_ml.1.8.0.dylib */,
				030514191EF0588F00FD3510 /* libpcl_octree.1.8.0.dylib */,
				0305141A1EF0588F00FD3510 /* libpcl_outofcore.1.8.0.dylib */,
				0305141B1EF0588F00FD3510 /* libpcl_people.1.8.0.dylib */,
				0305141C1EF0588F00FD3510 /* libpcl_recognition.1.8.0.dylib */,
				0305141D1EF0588F00FD3510 /* libpcl_registration.1.8.0.dylib */,
				0305141E1EF0588F00FD3510 /* libpcl_sample_consensus.1.8.0.dylib */,
				0305141F1EF0588F00FD3510 /* libpcl_search.1.8.0.dylib */,
				030514201EF0588F00FD3510 /* libpcl_segmentation.1.8.0.dylib */,
				030514211EF0588F00FD3510 /* libpcl_simulation_io.1.8.0.dylib */,
				030514221EF0588F00FD3510 /* libpcl_simulation.1.8.0.dylib */,
				030514231EF0588F00FD3510 /* libpcl_stereo.1.8.0.dylib */,
				030514241EF0588F00FD3510 /* libpcl_surface.1.8.0.dylib */,
				030514251EF0588F00FD3510 /* libpcl_tracking.1.8.0.dylib */,
				030514261EF0588F00FD3510 /* libpcl_visualization.1.8.0.dylib */,
				032396AF1EBBBF2800EEBE5C /* libglut.3.10.0.dylib */,
				032396AB1EBBBD8D00EEBE5C /* libboost_system-mt.dylib */,
				032396AC1EBBBD8D00EEBE5C /* libboost_system.dylib */,
				0323967B1EBBBD2D00EEBE5C /* libpcl_2d.1.8.0.dylib */,
				0323967C1EBBBD2D00EEBE5C /* libpcl_apps.1.8.0.dylib */,
				0323967D1EBBBD2D00EEBE5C /* libpcl_common.1.8.0.dylib */,
				0323967E1EBBBD2D00EEBE5C /* libpcl_features.1.8.0.dylib */,
				0323967F1EBBBD2D00EEBE5C /* libpcl_filters.1.8.0.dylib */,
				032396801EBBBD2D00EEBE5C /* libpcl_io_ply.1.8.0.dylib */,
				032396811EBBBD2D00EEBE5C /* libpcl_io.1.8.0.dylib */,
				032396821EBBBD2D00EEBE5C /* libpcl_kdtree.1.8.0.dylib */,
				032396831EBBBD2D00EEBE5C /* libpcl_keypoints.1.8.0.dylib */,
				032396841EBBBD2D00EEBE5C /* libpcl_ml.1.8.0.dylib */,
				032396851EBBBD2D00EEBE5C /* libpcl_octree.1.8.0.dylib */,
				032396861EBBBD2D00EEBE5C /* libpcl_outofcore.1.8.0.dylib */,
				032396871EBBBD2D00EEBE5C /* libpcl_people.1.8.0.dylib */,
				032396881EBBBD2D00EEBE5C /* libpcl_recognition.1.8.0.dylib */,
				032396891EBBBD2D00EEBE5C /* libpcl_registration.1.8.0.dylib */,
				0323968A1EBBBD2D00EEBE5C /* libpcl_sample_consensus.1.8.0.dylib */,
				0323968B1EBBBD2D00EEBE5C /* libpcl_search.1.8.0.dylib */,
				0323968C1EBBBD2D00EEBE5C /* libpcl_segmentation.1.8.0.dylib */,
				0323968D1EBBBD2D00EEBE5C /* libpcl_simulation_io.1.8.0.dylib */,
				0323968E1EBBBD2D00EEBE5C /* libpcl_simulation.1.8.0.dylib */,
				0323968F1EBBBD2D00EEBE5C /* libpcl_stereo.1.8.0.dylib */,
				032396901EBBBD2D00EEBE5C /* libpcl_surface.1.8.0.dylib */,
				032396911EBBBD2D00EEBE5C /* libpcl_tracking.1.8.0.dylib */,
				032396921EBBBD2D00EEBE5C /* libpcl_visualization.1.8.0.dylib */,
			);
			name = Frameworks;
			sourceTree = "<group>";
		};
/* End PBXGroup section */

/* Begin PBXNativeTarget section */
		032396651EBBA52F00EEBE5C /* BuildCorrespondence */ = {
			isa = PBXNativeTarget;
			buildConfigurationList = 0323966D1EBBA52F00EEBE5C /* Build configuration list for PBXNativeTarget "BuildCorrespondence" */;
			buildPhases = (
				032396621EBBA52F00EEBE5C /* Sources */,
				032396631EBBA52F00EEBE5C /* Frameworks */,
				032396641EBBA52F00EEBE5C /* CopyFiles */,
			);
			buildRules = (
			);
			dependencies = (
			);
			name = BuildCorrespondence;
			productName = BuildCorrespondence;
			productReference = 032396661EBBA52F00EEBE5C /* BuildCorrespondence */;
			productType = "com.apple.product-type.tool";
		};
/* End PBXNativeTarget section */

/* Begin PBXProject section */
		0323965E1EBBA52F00EEBE5C /* Project object */ = {
			isa = PBXProject;
			attributes = {
				LastUpgradeCheck = 0820;
				ORGANIZATIONNAME = "Erik Spooner";
				TargetAttributes = {
					032396651EBBA52F00EEBE5C = {
						CreatedOnToolsVersion = 8.2.1;
						ProvisioningStyle = Automatic;
					};
				};
			};
			buildConfigurationList = 032396611EBBA52F00EEBE5C /* Build configuration list for PBXProject "BuildCorrespondence" */;
			compatibilityVersion = "Xcode 3.2";
			developmentRegion = English;
			hasScannedForEncodings = 0;
			knownRegions = (
				en,
			);
			mainGroup = 0323965D1EBBA52F00EEBE5C;
			productRefGroup = 032396671EBBA52F00EEBE5C /* Products */;
			projectDirPath = "";
			projectRoot = "";
			targets = (
				032396651EBBA52F00EEBE5C /* BuildCorrespondence */,
			);
		};
/* End PBXProject section */

/* Begin PBXSourcesBuildPhase section */
		032396621EBBA52F00EEBE5C /* Sources */ = {
			isa = PBXSourcesBuildPhase;
			buildActionMask = 2147483647;
			files = (
				032396771EBBA57200EEBE5C /* BuildCorrespondence.cpp in Sources */,
				032396781EBBA57200EEBE5C /* CorresApp.cpp in Sources */,
			);
			runOnlyForDeploymentPostprocessing = 0;
		};
/* End PBXSourcesBuildPhase section */

/* Begin XCBuildConfiguration section */
		0323966B1EBBA52F00EEBE5C /* Debug */ = {
			isa = XCBuildConfiguration;
			buildSettings = {
				ALWAYS_SEARCH_USER_PATHS = NO;
				CLANG_ANALYZER_NONNULL = YES;
				CLANG_CXX_LANGUAGE_STANDARD = "gnu++0x";
				CLANG_CXX_LIBRARY = "libc++";
				CLANG_ENABLE_MODULES = YES;
				CLANG_ENABLE_OBJC_ARC = YES;
				CLANG_WARN_BOOL_CONVERSION = YES;
				CLANG_WARN_CONSTANT_CONVERSION = YES;
				CLANG_WARN_DIRECT_OBJC_ISA_USAGE = YES_ERROR;
				CLANG_WARN_DOCUMENTATION_COMMENTS = YES;
				CLANG_WARN_EMPTY_BODY = YES;
				CLANG_WARN_ENUM_CONVERSION = YES;
				CLANG_WARN_INFINITE_RECURSION = YES;
				CLANG_WARN_INT_CONVERSION = YES;
				CLANG_WARN_OBJC_ROOT_CLASS = YES_ERROR;
				CLANG_WARN_SUSPICIOUS_MOVE = YES;
				CLANG_WARN_UNREACHABLE_CODE = YES;
				CLANG_WARN__DUPLICATE_METHOD_MATCH = YES;
				CODE_SIGN_IDENTITY = "-";
				COPY_PHASE_STRIP = NO;
				DEBUG_INFORMATION_FORMAT = dwarf;
				ENABLE_STRICT_OBJC_MSGSEND = YES;
				ENABLE_TESTABILITY = YES;
				GCC_C_LANGUAGE_STANDARD = gnu99;
				GCC_DYNAMIC_NO_PIC = NO;
				GCC_NO_COMMON_BLOCKS = YES;
				GCC_OPTIMIZATION_LEVEL = 0;
				GCC_PREPROCESSOR_DEFINITIONS = (
					"DEBUG=1",
					"$(inherited)",
				);
				GCC_WARN_64_TO_32_BIT_CONVERSION = YES;
				GCC_WARN_ABOUT_RETURN_TYPE = YES_ERROR;
				GCC_WARN_UNDECLARED_SELECTOR = YES;
				GCC_WARN_UNINITIALIZED_AUTOS = YES_AGGRESSIVE;
				GCC_WARN_UNUSED_FUNCTION = YES;
				GCC_WARN_UNUSED_VARIABLE = YES;
				MACOSX_DEPLOYMENT_TARGET = 10.12;
				MTL_ENABLE_DEBUG_INFO = YES;
				ONLY_ACTIVE_ARCH = YES;
				SDKROOT = macosx;
			};
			name = Debug;
		};
		0323966C1EBBA52F00EEBE5C /* Release */ = {
			isa = XCBuildConfiguration;
			buildSettings = {
				ALWAYS_SEARCH_USER_PATHS = NO;
				CLANG_ANALYZER_NONNULL = YES;
				CLANG_CXX_LANGUAGE_STANDARD = "gnu++0x";
				CLANG_CXX_LIBRARY = "libc++";
				CLANG_ENABLE_MODULES = YES;
				CLANG_ENABLE_OBJC_ARC = YES;
				CLANG_WARN_BOOL_CONVERSION = YES;
				CLANG_WARN_CONSTANT_CONVERSION = YES;
				CLANG_WARN_DIRECT_OBJC_ISA_USAGE = YES_ERROR;
				CLANG_WARN_DOCUMENTATION_COMMENTS = YES;
				CLANG_WARN_EMPTY_BODY = YES;
				CLANG_WARN_ENUM_CONVERSION = YES;
				CLANG_WARN_INFINITE_RECURSION = YES;
				CLANG_WARN_INT_CONVERSION = YES;
				CLANG_WARN_OBJC_ROOT_CLASS = YES_ERROR;
				CLANG_WARN_SUSPICIOUS_MOVE = YES;
				CLANG_WARN_UNREACHABLE_CODE = YES;
				CLANG_WARN__DUPLICATE_METHOD_MATCH = YES;
				CODE_SIGN_IDENTITY = "-";
				COPY_PHASE_STRIP = NO;
				DEBUG_INFORMATION_FORMAT = "dwarf-with-dsym";
				ENABLE_NS_ASSERTIONS = NO;
				ENABLE_STRICT_OBJC_MSGSEND = YES;
				GCC_C_LANGUAGE_STANDARD = gnu99;
				GCC_NO_COMMON_BLOCKS = YES;
				GCC_WARN_64_TO_32_BIT_CONVERSION = YES;
				GCC_WARN_ABOUT_RETURN_TYPE = YES_ERROR;
				GCC_WARN_UNDECLARED_SELECTOR = YES;
				GCC_WARN_UNINITIALIZED_AUTOS = YES_AGGRESSIVE;
				GCC_WARN_UNUSED_FUNCTION = YES;
				GCC_WARN_UNUSED_VARIABLE = YES;
				MACOSX_DEPLOYMENT_TARGET = 10.12;
				MTL_ENABLE_DEBUG_INFO = NO;
				SDKROOT = macosx;
			};
			name = Release;
		};
		0323966E1EBBA52F00EEBE5C /* Debug */ = {
			isa = XCBuildConfiguration;
			buildSettings = {
				HEADER_SEARCH_PATHS = "$(PROJECT_DIR)/BuildCorrespondence/includes/";
				LIBRARY_SEARCH_PATHS = (
					"$(inherited)",
					/usr/local/Cellar/pcl/1.8.0_6/lib,
					/usr/local/Cellar/boost/1.64.0_1/lib,
					/usr/local/Cellar/freeglut/3.0.0/lib,
					/usr/local/Cellar/pcl/1.8.0_7/lib,
				);
				PRODUCT_NAME = "$(TARGET_NAME)";
			};
			name = Debug;
		};
		0323966F1EBBA52F00EEBE5C /* Release */ = {
			isa = XCBuildConfiguration;
			buildSettings = {
				HEADER_SEARCH_PATHS = "$(PROJECT_DIR)/BuildCorrespondence/includes/";
				LIBRARY_SEARCH_PATHS = (
					"$(inherited)",
					/usr/local/Cellar/pcl/1.8.0_6/lib,
					/usr/local/Cellar/boost/1.64.0_1/lib,
					/usr/local/Cellar/freeglut/3.0.0/lib,
					/usr/local/Cellar/pcl/1.8.0_7/lib,
				);
				PRODUCT_NAME = "$(TARGET_NAME)";
			};
			name = Release;
		};
/* End XCBuildConfiguration section */

/* Begin XCConfigurationList section */
		032396611EBBA52F00EEBE5C /* Build configuration list for PBXProject "BuildCorrespondence" */ = {
			isa = XCConfigurationList;
			buildConfigurations = (
				0323966B1EBBA52F00EEBE5C /* Debug */,
				0323966C1EBBA52F00EEBE5C /* Release */,
			);
			defaultConfigurationIsVisible = 0;
			defaultConfigurationName = Release;
		};
		0323966D1EBBA52F00EEBE5C /* Build configuration list for PBXNativeTarget "BuildCorrespondence" */ = {
			isa = XCConfigurationList;
			buildConfigurations = (
				0323966E1EBBA52F00EEBE5C /* Debug */,
				0323966F1EBBA52F00EEBE5C /* Release */,
			);
			defaultConfigurationIsVisible = 0;
			defaultConfigurationName = Release;
		};
/* End XCConfigurationList section */
	};
	rootObject = 0323965E1EBBA52F00EEBE5C /* Project object */;
}
