// !$*UTF8*$!
{
	archiveVersion = 1;
	classes = {
	};
	objectVersion = 46;
	objects = {

/* Begin PBXBuildFile section */
		03BC72AB1EBBD43000F98B9E /* GlobalRegistration.cpp in Sources */ = {isa = PBXBuildFile; fileRef = 03BC72A31EBBD43000F98B9E /* GlobalRegistration.cpp */; };
		03BC72AC1EBBD43000F98B9E /* RansacCurvature.cpp in Sources */ = {isa = PBXBuildFile; fileRef = 03BC72A61EBBD43000F98B9E /* RansacCurvature.cpp */; };
/* End PBXBuildFile section */

/* Begin PBXCopyFilesBuildPhase section */
		035F95841EBBD401006A703F /* CopyFiles */ = {
			isa = PBXCopyFilesBuildPhase;
			buildActionMask = 2147483647;
			dstPath = /usr/share/man/man1/;
			dstSubfolderSpec = 0;
			files = (
			);
			runOnlyForDeploymentPostprocessing = 1;
		};
/* End PBXCopyFilesBuildPhase section */

/* Begin PBXFileReference section */
		035F95861EBBD402006A703F /* GlobalRegistration */ = {isa = PBXFileReference; explicitFileType = "compiled.mach-o.executable"; includeInIndex = 0; path = GlobalRegistration; sourceTree = BUILT_PRODUCTS_DIR; };
		03BC72A31EBBD43000F98B9E /* GlobalRegistration.cpp */ = {isa = PBXFileReference; fileEncoding = 4; lastKnownFileType = sourcecode.cpp.cpp; path = GlobalRegistration.cpp; sourceTree = "<group>"; };
		03BC72A41EBBD43000F98B9E /* helper.h */ = {isa = PBXFileReference; fileEncoding = 4; lastKnownFileType = sourcecode.c.h; path = helper.h; sourceTree = "<group>"; };
		03BC72A51EBBD43000F98B9E /* PolyRejector.h */ = {isa = PBXFileReference; fileEncoding = 4; lastKnownFileType = sourcecode.c.h; path = PolyRejector.h; sourceTree = "<group>"; };
		03BC72A61EBBD43000F98B9E /* RansacCurvature.cpp */ = {isa = PBXFileReference; fileEncoding = 4; lastKnownFileType = sourcecode.cpp.cpp; path = RansacCurvature.cpp; sourceTree = "<group>"; };
		03BC72A71EBBD43000F98B9E /* RansacCurvature.h */ = {isa = PBXFileReference; fileEncoding = 4; lastKnownFileType = sourcecode.c.h; path = RansacCurvature.h; sourceTree = "<group>"; };
/* End PBXFileReference section */

/* Begin PBXFrameworksBuildPhase section */
		035F95831EBBD401006A703F /* Frameworks */ = {
			isa = PBXFrameworksBuildPhase;
			buildActionMask = 2147483647;
			files = (
			);
			runOnlyForDeploymentPostprocessing = 0;
		};
/* End PBXFrameworksBuildPhase section */

/* Begin PBXGroup section */
		035F957D1EBBD401006A703F = {
			isa = PBXGroup;
			children = (
				035F95881EBBD402006A703F /* GlobalRegistration */,
				035F95871EBBD402006A703F /* Products */,
			);
			sourceTree = "<group>";
		};
		035F95871EBBD402006A703F /* Products */ = {
			isa = PBXGroup;
			children = (
				035F95861EBBD402006A703F /* GlobalRegistration */,
			);
			name = Products;
			sourceTree = "<group>";
		};
		035F95881EBBD402006A703F /* GlobalRegistration */ = {
			isa = PBXGroup;
			children = (
				03BC72A31EBBD43000F98B9E /* GlobalRegistration.cpp */,
				03BC72A41EBBD43000F98B9E /* helper.h */,
				03BC72A51EBBD43000F98B9E /* PolyRejector.h */,
				03BC72A61EBBD43000F98B9E /* RansacCurvature.cpp */,
				03BC72A71EBBD43000F98B9E /* RansacCurvature.h */,
			);
			path = GlobalRegistration;
			sourceTree = "<group>";
		};
/* End PBXGroup section */

/* Begin PBXNativeTarget section */
		035F95851EBBD401006A703F /* GlobalRegistration */ = {
			isa = PBXNativeTarget;
			buildConfigurationList = 035F958D1EBBD402006A703F /* Build configuration list for PBXNativeTarget "GlobalRegistration" */;
			buildPhases = (
				035F95821EBBD401006A703F /* Sources */,
				035F95831EBBD401006A703F /* Frameworks */,
				035F95841EBBD401006A703F /* CopyFiles */,
			);
			buildRules = (
			);
			dependencies = (
			);
			name = GlobalRegistration;
			productName = GlobalRegistration;
			productReference = 035F95861EBBD402006A703F /* GlobalRegistration */;
			productType = "com.apple.product-type.tool";
		};
/* End PBXNativeTarget section */

/* Begin PBXProject section */
		035F957E1EBBD401006A703F /* Project object */ = {
			isa = PBXProject;
			attributes = {
				LastUpgradeCheck = 0820;
				ORGANIZATIONNAME = "Erik Spooner";
				TargetAttributes = {
					035F95851EBBD401006A703F = {
						CreatedOnToolsVersion = 8.2.1;
						ProvisioningStyle = Automatic;
					};
				};
			};
			buildConfigurationList = 035F95811EBBD401006A703F /* Build configuration list for PBXProject "GlobalRegistration" */;
			compatibilityVersion = "Xcode 3.2";
			developmentRegion = English;
			hasScannedForEncodings = 0;
			knownRegions = (
				en,
			);
			mainGroup = 035F957D1EBBD401006A703F;
			productRefGroup = 035F95871EBBD402006A703F /* Products */;
			projectDirPath = "";
			projectRoot = "";
			targets = (
				035F95851EBBD401006A703F /* GlobalRegistration */,
			);
		};
/* End PBXProject section */

/* Begin PBXSourcesBuildPhase section */
		035F95821EBBD401006A703F /* Sources */ = {
			isa = PBXSourcesBuildPhase;
			buildActionMask = 2147483647;
			files = (
				03BC72AB1EBBD43000F98B9E /* GlobalRegistration.cpp in Sources */,
				03BC72AC1EBBD43000F98B9E /* RansacCurvature.cpp in Sources */,
			);
			runOnlyForDeploymentPostprocessing = 0;
		};
/* End PBXSourcesBuildPhase section */

/* Begin XCBuildConfiguration section */
		035F958B1EBBD402006A703F /* Debug */ = {
			isa = XCBuildConfiguration;
			buildSettings = {
				ALWAYS_SEARCH_USER_PATHS = NO;
				CLANG_ANALYZER_NONNULL = YES;
				CLANG_CXX_LANGUAGE_STANDARD = "gnu++0x";
				CLANG_CXX_LIBRARY = "libc++";
				CLANG_ENABLE_MODULES = YES;
				CLANG_ENABLE_OBJC_ARC = YES;
				CLANG_WARN_BOOL_CONVERSION = YES;
				CLANG_WARN_CONSTANT_CONVERSION = YES;
				CLANG_WARN_DIRECT_OBJC_ISA_USAGE = YES_ERROR;
				CLANG_WARN_DOCUMENTATION_COMMENTS = YES;
				CLANG_WARN_EMPTY_BODY = YES;
				CLANG_WARN_ENUM_CONVERSION = YES;
				CLANG_WARN_INFINITE_RECURSION = YES;
				CLANG_WARN_INT_CONVERSION = YES;
				CLANG_WARN_OBJC_ROOT_CLASS = YES_ERROR;
				CLANG_WARN_SUSPICIOUS_MOVE = YES;
				CLANG_WARN_UNREACHABLE_CODE = YES;
				CLANG_WARN__DUPLICATE_METHOD_MATCH = YES;
				CODE_SIGN_IDENTITY = "-";
				COPY_PHASE_STRIP = NO;
				DEBUG_INFORMATION_FORMAT = dwarf;
				ENABLE_STRICT_OBJC_MSGSEND = YES;
				ENABLE_TESTABILITY = YES;
				GCC_C_LANGUAGE_STANDARD = gnu99;
				GCC_DYNAMIC_NO_PIC = NO;
				GCC_NO_COMMON_BLOCKS = YES;
				GCC_OPTIMIZATION_LEVEL = 0;
				GCC_PREPROCESSOR_DEFINITIONS = (
					"DEBUG=1",
					"$(inherited)",
				);
				GCC_WARN_64_TO_32_BIT_CONVERSION = YES;
				GCC_WARN_ABOUT_RETURN_TYPE = YES_ERROR;
				GCC_WARN_UNDECLARED_SELECTOR = YES;
				GCC_WARN_UNINITIALIZED_AUTOS = YES_AGGRESSIVE;
				GCC_WARN_UNUSED_FUNCTION = YES;
				GCC_WARN_UNUSED_VARIABLE = YES;
				MACOSX_DEPLOYMENT_TARGET = 10.12;
				MTL_ENABLE_DEBUG_INFO = YES;
				ONLY_ACTIVE_ARCH = YES;
				SDKROOT = macosx;
			};
			name = Debug;
		};
		035F958C1EBBD402006A703F /* Release */ = {
			isa = XCBuildConfiguration;
			buildSettings = {
				ALWAYS_SEARCH_USER_PATHS = NO;
				CLANG_ANALYZER_NONNULL = YES;
				CLANG_CXX_LANGUAGE_STANDARD = "gnu++0x";
				CLANG_CXX_LIBRARY = "libc++";
				CLANG_ENABLE_MODULES = YES;
				CLANG_ENABLE_OBJC_ARC = YES;
				CLANG_WARN_BOOL_CONVERSION = YES;
				CLANG_WARN_CONSTANT_CONVERSION = YES;
				CLANG_WARN_DIRECT_OBJC_ISA_USAGE = YES_ERROR;
				CLANG_WARN_DOCUMENTATION_COMMENTS = YES;
				CLANG_WARN_EMPTY_BODY = YES;
				CLANG_WARN_ENUM_CONVERSION = YES;
				CLANG_WARN_INFINITE_RECURSION = YES;
				CLANG_WARN_INT_CONVERSION = YES;
				CLANG_WARN_OBJC_ROOT_CLASS = YES_ERROR;
				CLANG_WARN_SUSPICIOUS_MOVE = YES;
				CLANG_WARN_UNREACHABLE_CODE = YES;
				CLANG_WARN__DUPLICATE_METHOD_MATCH = YES;
				CODE_SIGN_IDENTITY = "-";
				COPY_PHASE_STRIP = NO;
				DEBUG_INFORMATION_FORMAT = "dwarf-with-dsym";
				ENABLE_NS_ASSERTIONS = NO;
				ENABLE_STRICT_OBJC_MSGSEND = YES;
				GCC_C_LANGUAGE_STANDARD = gnu99;
				GCC_NO_COMMON_BLOCKS = YES;
				GCC_WARN_64_TO_32_BIT_CONVERSION = YES;
				GCC_WARN_ABOUT_RETURN_TYPE = YES_ERROR;
				GCC_WARN_UNDECLARED_SELECTOR = YES;
				GCC_WARN_UNINITIALIZED_AUTOS = YES_AGGRESSIVE;
				GCC_WARN_UNUSED_FUNCTION = YES;
				GCC_WARN_UNUSED_VARIABLE = YES;
				MACOSX_DEPLOYMENT_TARGET = 10.12;
				MTL_ENABLE_DEBUG_INFO = NO;
				SDKROOT = macosx;
			};
			name = Release;
		};
		035F958E1EBBD402006A703F /* Debug */ = {
			isa = XCBuildConfiguration;
			buildSettings = {
				HEADER_SEARCH_PATHS = "$(PROJECT_DIR)/GlobalRegistration/includes";
				PRODUCT_NAME = "$(TARGET_NAME)";
			};
			name = Debug;
		};
		035F958F1EBBD402006A703F /* Release */ = {
			isa = XCBuildConfiguration;
			buildSettings = {
				HEADER_SEARCH_PATHS = "$(PROJECT_DIR)/GlobalRegistration/includes";
				PRODUCT_NAME = "$(TARGET_NAME)";
			};
			name = Release;
		};
/* End XCBuildConfiguration section */

/* Begin XCConfigurationList section */
		035F95811EBBD401006A703F /* Build configuration list for PBXProject "GlobalRegistration" */ = {
			isa = XCConfigurationList;
			buildConfigurations = (
				035F958B1EBBD402006A703F /* Debug */,
				035F958C1EBBD402006A703F /* Release */,
			);
			defaultConfigurationIsVisible = 0;
			defaultConfigurationName = Release;
		};
		035F958D1EBBD402006A703F /* Build configuration list for PBXNativeTarget "GlobalRegistration" */ = {
			isa = XCConfigurationList;
			buildConfigurations = (
				035F958E1EBBD402006A703F /* Debug */,
				035F958F1EBBD402006A703F /* Release */,
			);
			defaultConfigurationIsVisible = 0;
			defaultConfigurationName = Release;
		};
/* End XCConfigurationList section */
	};
	rootObject = 035F957E1EBBD401006A703F /* Project object */;
}
